
Microsoft Visual Studio Solution File, Format Version 12.00
# Visual Studio Version 17
VisualStudioVersion = 17.9.34728.123
MinimumVisualStudioVersion = 10.0.40219.1
Project("{FAE04EC0-301F-11D3-BF4B-00C04F79EFBC}") = "sinemaSatış", "sinemaSatış.csproj", "{CF8B7733-BF8A-46E2-B891-3B2F467C4CDB}"
EndProject
Global
	GlobalSection(SolutionConfigurationPlatforms) = preSolution
		Debug|Any CPU = Debug|Any CPU
		Release|Any CPU = Release|Any CPU
	EndGlobalSection
	GlobalSection(ProjectConfigurationPlatforms) = postSolution
		{CF8B7733-BF8A-46E2-B891-3B2F467C4CDB}.Debug|Any CPU.ActiveCfg = Debug|Any CPU
		{CF8B7733-BF8A-46E2-B891-3B2F467C4CDB}.Debug|Any CPU.Build.0 = Debug|Any CPU
		{CF8B7733-BF8A-46E2-B891-3B2F467C4CDB}.Release|Any CPU.ActiveCfg = Release|Any CPU
		{CF8B7733-BF8A-46E2-B891-3B2F467C4CDB}.Release|Any CPU.Build.0 = Release|Any CPU
	EndGlobalSection
	GlobalSection(SolutionProperties) = preSolution
		HideSolutionNode = FALSE
	EndGlobalSection
	GlobalSection(ExtensibilityGlobals) = postSolution
		SolutionGuid = {6070204A-9262-4460-84D7-D3BF23210E5A}
	EndGlobalSection
EndGlobal
